
Microsoft Visual Studio Solution File, Format Version 12.00
# Visual Studio Version 17
VisualStudioVersion = 17.8.34309.116
MinimumVisualStudioVersion = 10.0.40219.1
Project("{9A19103F-16F7-4668-BE54-9A1E7A4F7556}") = "MakeoProject", "MakeoProject\MakeoProject.csproj", "{22DE05BE-2D19-4959-BB7F-A8199140A0B0}"
EndProject
Project("{FAE04EC0-301F-11D3-BF4B-00C04F79EFBC}") = "MakeoProject.DbLib", "MakeoProject.DbLib\MakeoProject.DbLib.csproj", "{05F0C332-1338-4B79-98E4-25D82BC5389F}"
EndProject
Global
	GlobalSection(SolutionConfigurationPlatforms) = preSolution
		Debug|Any CPU = Debug|Any CPU
		Release|Any CPU = Release|Any CPU
	EndGlobalSection
	GlobalSection(ProjectConfigurationPlatforms) = postSolution
		{22DE05BE-2D19-4959-BB7F-A8199140A0B0}.Debug|Any CPU.ActiveCfg = Debug|Any CPU
		{22DE05BE-2D19-4959-BB7F-A8199140A0B0}.Debug|Any CPU.Build.0 = Debug|Any CPU
		{22DE05BE-2D19-4959-BB7F-A8199140A0B0}.Release|Any CPU.ActiveCfg = Release|Any CPU
		{22DE05BE-2D19-4959-BB7F-A8199140A0B0}.Release|Any CPU.Build.0 = Release|Any CPU
		{05F0C332-1338-4B79-98E4-25D82BC5389F}.Debug|Any CPU.ActiveCfg = Debug|Any CPU
		{05F0C332-1338-4B79-98E4-25D82BC5389F}.Debug|Any CPU.Build.0 = Debug|Any CPU
		{05F0C332-1338-4B79-98E4-25D82BC5389F}.Release|Any CPU.ActiveCfg = Release|Any CPU
		{05F0C332-1338-4B79-98E4-25D82BC5389F}.Release|Any CPU.Build.0 = Release|Any CPU
	EndGlobalSection
	GlobalSection(SolutionProperties) = preSolution
		HideSolutionNode = FALSE
	EndGlobalSection
	GlobalSection(ExtensibilityGlobals) = postSolution
		SolutionGuid = {ABAF9348-5E4F-49DD-860C-21FDB2816EC0}
	EndGlobalSection
EndGlobal
